
Microsoft Visual Studio Solution File, Format Version 12.00
# Visual Studio 15
VisualStudioVersion = 15.0.28307.421
MinimumVisualStudioVersion = 10.0.40219.1
Project("{2150E333-8FDC-42A3-9474-1A3956D46DE8}") = "Backend", "Backend", "{A002DF62-5FF3-4B9A-97EE-6BE82EECD911}"
EndProject
Project("{2150E333-8FDC-42A3-9474-1A3956D46DE8}") = "Frontend", "Frontend", "{80ED4AB3-E34D-4FEE-8E7B-26F06A4921E8}"
EndProject
Project("{2150E333-8FDC-42A3-9474-1A3956D46DE8}") = "Forms", "Forms", "{AEC9A734-A0A4-40F0-9F2B-1CC1DEC7E118}"
EndProject
Project("{2150E333-8FDC-42A3-9474-1A3956D46DE8}") = "Classic", "Classic", "{98DF91FB-8EA9-42DA-A34E-CA9D67C56032}"
EndProject
Project("{9A19103F-16F7-4668-BE54-9A1E7A4F7556}") = "EcommerceRestaurant.Web", "EcommerceRestaurant.Web\EcommerceRestaurant.Web.csproj", "{8572B5D1-8749-47F2-B995-7CFA5CDA81A1}"
EndProject
Project("{FAE04EC0-301F-11D3-BF4B-00C04F79EFBC}") = "EcommerceRestaurant.UIClassic.iOs", "EcommerceRestaurant.UIClassic.iOs\EcommerceRestaurant.UIClassic.iOs.csproj", "{80A96B52-6758-4BDB-B0B4-CEA4CA155C60}"
EndProject
Project("{9A19103F-16F7-4668-BE54-9A1E7A4F7556}") = "EcommerceRestaurant.UIClassic", "EcommerceRestaurant.UIClassic\EcommerceRestaurant.UIClassic.csproj", "{1A98377C-BFE6-465F-A282-92A33A245FFB}"
EndProject
Project("{9A19103F-16F7-4668-BE54-9A1E7A4F7556}") = "EcommerceRestaurant.Common", "EcommerceRestaurant.Common\EcommerceRestaurant.Common.csproj", "{9EDDDC92-69B8-454D-AD61-6888E1F9DBE2}"
EndProject
Project("{FAE04EC0-301F-11D3-BF4B-00C04F79EFBC}") = "EcommerceResturant.UIClassic.Android", "EcommerceResturant.UIClassic.Android\EcommerceResturant.UIClassic.Android.csproj", "{6F13A4EB-D864-458E-B94C-4E4EEF6E036F}"
EndProject
Project("{FAE04EC0-301F-11D3-BF4B-00C04F79EFBC}") = "Restaurant.Android", "..\..\..\..\code\Restaurant\Restaurant.Android\Restaurant.Android.csproj", "{EE9DA8E1-BB23-4E22-A8A6-0760251EA15E}"
EndProject
Project("{FAE04EC0-301F-11D3-BF4B-00C04F79EFBC}") = "Restaurant.iOS", "..\..\..\..\code\Restaurant\Restaurant.iOS\Restaurant.iOS.csproj", "{BE065D83-2449-4416-9D36-4258C8BB4988}"
EndProject
Project("{FAE04EC0-301F-11D3-BF4B-00C04F79EFBC}") = "Restaurant", "..\..\..\..\code\Restaurant\Restaurant\Restaurant.csproj", "{A3C99282-98A4-4524-96D5-31D2C90C592A}"
EndProject
Global
	GlobalSection(SolutionConfigurationPlatforms) = preSolution
		Ad-Hoc|Any CPU = Ad-Hoc|Any CPU
		Ad-Hoc|iPhone = Ad-Hoc|iPhone
		Ad-Hoc|iPhoneSimulator = Ad-Hoc|iPhoneSimulator
		AppStore|Any CPU = AppStore|Any CPU
		AppStore|iPhone = AppStore|iPhone
		AppStore|iPhoneSimulator = AppStore|iPhoneSimulator
		Debug|Any CPU = Debug|Any CPU
		Debug|iPhone = Debug|iPhone
		Debug|iPhoneSimulator = Debug|iPhoneSimulator
		Release|Any CPU = Release|Any CPU
		Release|iPhone = Release|iPhone
		Release|iPhoneSimulator = Release|iPhoneSimulator
	EndGlobalSection
	GlobalSection(ProjectConfigurationPlatforms) = postSolution
		{8572B5D1-8749-47F2-B995-7CFA5CDA81A1}.Ad-Hoc|Any CPU.ActiveCfg = Release|Any CPU
		{8572B5D1-8749-47F2-B995-7CFA5CDA81A1}.Ad-Hoc|Any CPU.Build.0 = Release|Any CPU
		{8572B5D1-8749-47F2-B995-7CFA5CDA81A1}.Ad-Hoc|iPhone.ActiveCfg = Release|Any CPU
		{8572B5D1-8749-47F2-B995-7CFA5CDA81A1}.Ad-Hoc|iPhone.Build.0 = Release|Any CPU
		{8572B5D1-8749-47F2-B995-7CFA5CDA81A1}.Ad-Hoc|iPhoneSimulator.ActiveCfg = Release|Any CPU
		{8572B5D1-8749-47F2-B995-7CFA5CDA81A1}.Ad-Hoc|iPhoneSimulator.Build.0 = Release|Any CPU
		{8572B5D1-8749-47F2-B995-7CFA5CDA81A1}.AppStore|Any CPU.ActiveCfg = Release|Any CPU
		{8572B5D1-8749-47F2-B995-7CFA5CDA81A1}.AppStore|Any CPU.Build.0 = Release|Any CPU
		{8572B5D1-8749-47F2-B995-7CFA5CDA81A1}.AppStore|iPhone.ActiveCfg = Release|Any CPU
		{8572B5D1-8749-47F2-B995-7CFA5CDA81A1}.AppStore|iPhone.Build.0 = Release|Any CPU
		{8572B5D1-8749-47F2-B995-7CFA5CDA81A1}.AppStore|iPhoneSimulator.ActiveCfg = Release|Any CPU
		{8572B5D1-8749-47F2-B995-7CFA5CDA81A1}.AppStore|iPhoneSimulator.Build.0 = Release|Any CPU
		{8572B5D1-8749-47F2-B995-7CFA5CDA81A1}.Debug|Any CPU.ActiveCfg = Debug|Any CPU
		{8572B5D1-8749-47F2-B995-7CFA5CDA81A1}.Debug|Any CPU.Build.0 = Debug|Any CPU
		{8572B5D1-8749-47F2-B995-7CFA5CDA81A1}.Debug|iPhone.ActiveCfg = Debug|Any CPU
		{8572B5D1-8749-47F2-B995-7CFA5CDA81A1}.Debug|iPhone.Build.0 = Debug|Any CPU
		{8572B5D1-8749-47F2-B995-7CFA5CDA81A1}.Debug|iPhoneSimulator.ActiveCfg = Debug|Any CPU
		{8572B5D1-8749-47F2-B995-7CFA5CDA81A1}.Debug|iPhoneSimulator.Build.0 = Debug|Any CPU
		{8572B5D1-8749-47F2-B995-7CFA5CDA81A1}.Release|Any CPU.ActiveCfg = Release|Any CPU
		{8572B5D1-8749-47F2-B995-7CFA5CDA81A1}.Release|Any CPU.Build.0 = Release|Any CPU
		{8572B5D1-8749-47F2-B995-7CFA5CDA81A1}.Release|iPhone.ActiveCfg = Release|Any CPU
		{8572B5D1-8749-47F2-B995-7CFA5CDA81A1}.Release|iPhone.Build.0 = Release|Any CPU
		{8572B5D1-8749-47F2-B995-7CFA5CDA81A1}.Release|iPhoneSimulator.ActiveCfg = Release|Any CPU
		{8572B5D1-8749-47F2-B995-7CFA5CDA81A1}.Release|iPhoneSimulator.Build.0 = Release|Any CPU
		{80A96B52-6758-4BDB-B0B4-CEA4CA155C60}.Ad-Hoc|Any CPU.ActiveCfg = Release|iPhone
		{80A96B52-6758-4BDB-B0B4-CEA4CA155C60}.Ad-Hoc|Any CPU.Build.0 = Release|iPhone
		{80A96B52-6758-4BDB-B0B4-CEA4CA155C60}.Ad-Hoc|iPhone.ActiveCfg = Release|iPhone
		{80A96B52-6758-4BDB-B0B4-CEA4CA155C60}.Ad-Hoc|iPhone.Build.0 = Release|iPhone
		{80A96B52-6758-4BDB-B0B4-CEA4CA155C60}.Ad-Hoc|iPhoneSimulator.ActiveCfg = Release|iPhoneSimulator
		{80A96B52-6758-4BDB-B0B4-CEA4CA155C60}.Ad-Hoc|iPhoneSimulator.Build.0 = Release|iPhoneSimulator
		{80A96B52-6758-4BDB-B0B4-CEA4CA155C60}.AppStore|Any CPU.ActiveCfg = Release|iPhone
		{80A96B52-6758-4BDB-B0B4-CEA4CA155C60}.AppStore|Any CPU.Build.0 = Release|iPhone
		{80A96B52-6758-4BDB-B0B4-CEA4CA155C60}.AppStore|iPhone.ActiveCfg = Release|iPhone
		{80A96B52-6758-4BDB-B0B4-CEA4CA155C60}.AppStore|iPhone.Build.0 = Release|iPhone
		{80A96B52-6758-4BDB-B0B4-CEA4CA155C60}.AppStore|iPhoneSimulator.ActiveCfg = Release|iPhoneSimulator
		{80A96B52-6758-4BDB-B0B4-CEA4CA155C60}.AppStore|iPhoneSimulator.Build.0 = Release|iPhoneSimulator
		{80A96B52-6758-4BDB-B0B4-CEA4CA155C60}.Debug|Any CPU.ActiveCfg = Debug|iPhone
		{80A96B52-6758-4BDB-B0B4-CEA4CA155C60}.Debug|iPhone.ActiveCfg = Debug|iPhone
		{80A96B52-6758-4BDB-B0B4-CEA4CA155C60}.Debug|iPhone.Build.0 = Debug|iPhone
		{80A96B52-6758-4BDB-B0B4-CEA4CA155C60}.Debug|iPhoneSimulator.ActiveCfg = Debug|iPhoneSimulator
		{80A96B52-6758-4BDB-B0B4-CEA4CA155C60}.Debug|iPhoneSimulator.Build.0 = Debug|iPhoneSimulator
		{80A96B52-6758-4BDB-B0B4-CEA4CA155C60}.Release|Any CPU.ActiveCfg = Release|iPhone
		{80A96B52-6758-4BDB-B0B4-CEA4CA155C60}.Release|iPhone.ActiveCfg = Release|iPhone
		{80A96B52-6758-4BDB-B0B4-CEA4CA155C60}.Release|iPhone.Build.0 = Release|iPhone
		{80A96B52-6758-4BDB-B0B4-CEA4CA155C60}.Release|iPhoneSimulator.ActiveCfg = Release|iPhoneSimulator
		{80A96B52-6758-4BDB-B0B4-CEA4CA155C60}.Release|iPhoneSimulator.Build.0 = Release|iPhoneSimulator
		{1A98377C-BFE6-465F-A282-92A33A245FFB}.Ad-Hoc|Any CPU.ActiveCfg = Debug|Any CPU
		{1A98377C-BFE6-465F-A282-92A33A245FFB}.Ad-Hoc|Any CPU.Build.0 = Debug|Any CPU
		{1A98377C-BFE6-465F-A282-92A33A245FFB}.Ad-Hoc|iPhone.ActiveCfg = Debug|Any CPU
		{1A98377C-BFE6-465F-A282-92A33A245FFB}.Ad-Hoc|iPhone.Build.0 = Debug|Any CPU
		{1A98377C-BFE6-465F-A282-92A33A245FFB}.Ad-Hoc|iPhoneSimulator.ActiveCfg = Debug|Any CPU
		{1A98377C-BFE6-465F-A282-92A33A245FFB}.Ad-Hoc|iPhoneSimulator.Build.0 = Debug|Any CPU
		{1A98377C-BFE6-465F-A282-92A33A245FFB}.AppStore|Any CPU.ActiveCfg = Debug|Any CPU
		{1A98377C-BFE6-465F-A282-92A33A245FFB}.AppStore|Any CPU.Build.0 = Debug|Any CPU
		{1A98377C-BFE6-465F-A282-92A33A245FFB}.AppStore|iPhone.ActiveCfg = Debug|Any CPU
		{1A98377C-BFE6-465F-A282-92A33A245FFB}.AppStore|iPhone.Build.0 = Debug|Any CPU
		{1A98377C-BFE6-465F-A282-92A33A245FFB}.AppStore|iPhoneSimulator.ActiveCfg = Debug|Any CPU
		{1A98377C-BFE6-465F-A282-92A33A245FFB}.AppStore|iPhoneSimulator.Build.0 = Debug|Any CPU
		{1A98377C-BFE6-465F-A282-92A33A245FFB}.Debug|Any CPU.ActiveCfg = Debug|Any CPU
		{1A98377C-BFE6-465F-A282-92A33A245FFB}.Debug|Any CPU.Build.0 = Debug|Any CPU
		{1A98377C-BFE6-465F-A282-92A33A245FFB}.Debug|iPhone.ActiveCfg = Debug|Any CPU
		{1A98377C-BFE6-465F-A282-92A33A245FFB}.Debug|iPhone.Build.0 = Debug|Any CPU
		{1A98377C-BFE6-465F-A282-92A33A245FFB}.Debug|iPhoneSimulator.ActiveCfg = Debug|Any CPU
		{1A98377C-BFE6-465F-A282-92A33A245FFB}.Debug|iPhoneSimulator.Build.0 = Debug|Any CPU
		{1A98377C-BFE6-465F-A282-92A33A245FFB}.Release|Any CPU.ActiveCfg = Release|Any CPU
		{1A98377C-BFE6-465F-A282-92A33A245FFB}.Release|Any CPU.Build.0 = Release|Any CPU
		{1A98377C-BFE6-465F-A282-92A33A245FFB}.Release|iPhone.ActiveCfg = Release|Any CPU
		{1A98377C-BFE6-465F-A282-92A33A245FFB}.Release|iPhone.Build.0 = Release|Any CPU
		{1A98377C-BFE6-465F-A282-92A33A245FFB}.Release|iPhoneSimulator.ActiveCfg = Release|Any CPU
		{1A98377C-BFE6-465F-A282-92A33A245FFB}.Release|iPhoneSimulator.Build.0 = Release|Any CPU
		{9EDDDC92-69B8-454D-AD61-6888E1F9DBE2}.Ad-Hoc|Any CPU.ActiveCfg = Debug|Any CPU
		{9EDDDC92-69B8-454D-AD61-6888E1F9DBE2}.Ad-Hoc|Any CPU.Build.0 = Debug|Any CPU
		{9EDDDC92-69B8-454D-AD61-6888E1F9DBE2}.Ad-Hoc|iPhone.ActiveCfg = Debug|Any CPU
		{9EDDDC92-69B8-454D-AD61-6888E1F9DBE2}.Ad-Hoc|iPhone.Build.0 = Debug|Any CPU
		{9EDDDC92-69B8-454D-AD61-6888E1F9DBE2}.Ad-Hoc|iPhoneSimulator.ActiveCfg = Debug|Any CPU
		{9EDDDC92-69B8-454D-AD61-6888E1F9DBE2}.Ad-Hoc|iPhoneSimulator.Build.0 = Debug|Any CPU
		{9EDDDC92-69B8-454D-AD61-6888E1F9DBE2}.AppStore|Any CPU.ActiveCfg = Debug|Any CPU
		{9EDDDC92-69B8-454D-AD61-6888E1F9DBE2}.AppStore|Any CPU.Build.0 = Debug|Any CPU
		{9EDDDC92-69B8-454D-AD61-6888E1F9DBE2}.AppStore|iPhone.ActiveCfg = Debug|Any CPU
		{9EDDDC92-69B8-454D-AD61-6888E1F9DBE2}.AppStore|iPhone.Build.0 = Debug|Any CPU
		{9EDDDC92-69B8-454D-AD61-6888E1F9DBE2}.AppStore|iPhoneSimulator.ActiveCfg = Debug|Any CPU
		{9EDDDC92-69B8-454D-AD61-6888E1F9DBE2}.AppStore|iPhoneSimulator.Build.0 = Debug|Any CPU
		{9EDDDC92-69B8-454D-AD61-6888E1F9DBE2}.Debug|Any CPU.ActiveCfg = Debug|Any CPU
		{9EDDDC92-69B8-454D-AD61-6888E1F9DBE2}.Debug|Any CPU.Build.0 = Debug|Any CPU
		{9EDDDC92-69B8-454D-AD61-6888E1F9DBE2}.Debug|iPhone.ActiveCfg = Debug|Any CPU
		{9EDDDC92-69B8-454D-AD61-6888E1F9DBE2}.Debug|iPhone.Build.0 = Debug|Any CPU
		{9EDDDC92-69B8-454D-AD61-6888E1F9DBE2}.Debug|iPhoneSimulator.ActiveCfg = Debug|Any CPU
		{9EDDDC92-69B8-454D-AD61-6888E1F9DBE2}.Debug|iPhoneSimulator.Build.0 = Debug|Any CPU
		{9EDDDC92-69B8-454D-AD61-6888E1F9DBE2}.Release|Any CPU.ActiveCfg = Release|Any CPU
		{9EDDDC92-69B8-454D-AD61-6888E1F9DBE2}.Release|Any CPU.Build.0 = Release|Any CPU
		{9EDDDC92-69B8-454D-AD61-6888E1F9DBE2}.Release|iPhone.ActiveCfg = Release|Any CPU
		{9EDDDC92-69B8-454D-AD61-6888E1F9DBE2}.Release|iPhone.Build.0 = Release|Any CPU
		{9EDDDC92-69B8-454D-AD61-6888E1F9DBE2}.Release|iPhoneSimulator.ActiveCfg = Release|Any CPU
		{9EDDDC92-69B8-454D-AD61-6888E1F9DBE2}.Release|iPhoneSimulator.Build.0 = Release|Any CPU
		{6F13A4EB-D864-458E-B94C-4E4EEF6E036F}.Ad-Hoc|Any CPU.ActiveCfg = Release|Any CPU
		{6F13A4EB-D864-458E-B94C-4E4EEF6E036F}.Ad-Hoc|Any CPU.Build.0 = Release|Any CPU
		{6F13A4EB-D864-458E-B94C-4E4EEF6E036F}.Ad-Hoc|Any CPU.Deploy.0 = Release|Any CPU
		{6F13A4EB-D864-458E-B94C-4E4EEF6E036F}.Ad-Hoc|iPhone.ActiveCfg = Release|Any CPU
		{6F13A4EB-D864-458E-B94C-4E4EEF6E036F}.Ad-Hoc|iPhone.Build.0 = Release|Any CPU
		{6F13A4EB-D864-458E-B94C-4E4EEF6E036F}.Ad-Hoc|iPhone.Deploy.0 = Release|Any CPU
		{6F13A4EB-D864-458E-B94C-4E4EEF6E036F}.Ad-Hoc|iPhoneSimulator.ActiveCfg = Release|Any CPU
		{6F13A4EB-D864-458E-B94C-4E4EEF6E036F}.Ad-Hoc|iPhoneSimulator.Build.0 = Release|Any CPU
		{6F13A4EB-D864-458E-B94C-4E4EEF6E036F}.Ad-Hoc|iPhoneSimulator.Deploy.0 = Release|Any CPU
		{6F13A4EB-D864-458E-B94C-4E4EEF6E036F}.AppStore|Any CPU.ActiveCfg = Release|Any CPU
		{6F13A4EB-D864-458E-B94C-4E4EEF6E036F}.AppStore|Any CPU.Build.0 = Release|Any CPU
		{6F13A4EB-D864-458E-B94C-4E4EEF6E036F}.AppStore|Any CPU.Deploy.0 = Release|Any CPU
		{6F13A4EB-D864-458E-B94C-4E4EEF6E036F}.AppStore|iPhone.ActiveCfg = Release|Any CPU
		{6F13A4EB-D864-458E-B94C-4E4EEF6E036F}.AppStore|iPhone.Build.0 = Release|Any CPU
		{6F13A4EB-D864-458E-B94C-4E4EEF6E036F}.AppStore|iPhone.Deploy.0 = Release|Any CPU
		{6F13A4EB-D864-458E-B94C-4E4EEF6E036F}.AppStore|iPhoneSimulator.ActiveCfg = Release|Any CPU
		{6F13A4EB-D864-458E-B94C-4E4EEF6E036F}.AppStore|iPhoneSimulator.Build.0 = Release|Any CPU
		{6F13A4EB-D864-458E-B94C-4E4EEF6E036F}.AppStore|iPhoneSimulator.Deploy.0 = Release|Any CPU
		{6F13A4EB-D864-458E-B94C-4E4EEF6E036F}.Debug|Any CPU.ActiveCfg = Debug|Any CPU
		{6F13A4EB-D864-458E-B94C-4E4EEF6E036F}.Debug|Any CPU.Build.0 = Debug|Any CPU
		{6F13A4EB-D864-458E-B94C-4E4EEF6E036F}.Debug|Any CPU.Deploy.0 = Debug|Any CPU
		{6F13A4EB-D864-458E-B94C-4E4EEF6E036F}.Debug|iPhone.ActiveCfg = Debug|Any CPU
		{6F13A4EB-D864-458E-B94C-4E4EEF6E036F}.Debug|iPhone.Build.0 = Debug|Any CPU
		{6F13A4EB-D864-458E-B94C-4E4EEF6E036F}.Debug|iPhone.Deploy.0 = Debug|Any CPU
		{6F13A4EB-D864-458E-B94C-4E4EEF6E036F}.Debug|iPhoneSimulator.ActiveCfg = Debug|Any CPU
		{6F13A4EB-D864-458E-B94C-4E4EEF6E036F}.Debug|iPhoneSimulator.Build.0 = Debug|Any CPU
		{6F13A4EB-D864-458E-B94C-4E4EEF6E036F}.Debug|iPhoneSimulator.Deploy.0 = Debug|Any CPU
		{6F13A4EB-D864-458E-B94C-4E4EEF6E036F}.Release|Any CPU.ActiveCfg = Release|Any CPU
		{6F13A4EB-D864-458E-B94C-4E4EEF6E036F}.Release|Any CPU.Build.0 = Release|Any CPU
		{6F13A4EB-D864-458E-B94C-4E4EEF6E036F}.Release|Any CPU.Deploy.0 = Release|Any CPU
		{6F13A4EB-D864-458E-B94C-4E4EEF6E036F}.Release|iPhone.ActiveCfg = Release|Any CPU
		{6F13A4EB-D864-458E-B94C-4E4EEF6E036F}.Release|iPhone.Build.0 = Release|Any CPU
		{6F13A4EB-D864-458E-B94C-4E4EEF6E036F}.Release|iPhone.Deploy.0 = Release|Any CPU
		{6F13A4EB-D864-458E-B94C-4E4EEF6E036F}.Release|iPhoneSimulator.ActiveCfg = Release|Any CPU
		{6F13A4EB-D864-458E-B94C-4E4EEF6E036F}.Release|iPhoneSimulator.Build.0 = Release|Any CPU
		{6F13A4EB-D864-458E-B94C-4E4EEF6E036F}.Release|iPhoneSimulator.Deploy.0 = Release|Any CPU
		{EE9DA8E1-BB23-4E22-A8A6-0760251EA15E}.Ad-Hoc|Any CPU.ActiveCfg = Release|Any CPU
		{EE9DA8E1-BB23-4E22-A8A6-0760251EA15E}.Ad-Hoc|Any CPU.Build.0 = Release|Any CPU
		{EE9DA8E1-BB23-4E22-A8A6-0760251EA15E}.Ad-Hoc|Any CPU.Deploy.0 = Release|Any CPU
		{EE9DA8E1-BB23-4E22-A8A6-0760251EA15E}.Ad-Hoc|iPhone.ActiveCfg = Release|Any CPU
		{EE9DA8E1-BB23-4E22-A8A6-0760251EA15E}.Ad-Hoc|iPhone.Build.0 = Release|Any CPU
		{EE9DA8E1-BB23-4E22-A8A6-0760251EA15E}.Ad-Hoc|iPhone.Deploy.0 = Release|Any CPU
		{EE9DA8E1-BB23-4E22-A8A6-0760251EA15E}.Ad-Hoc|iPhoneSimulator.ActiveCfg = Release|Any CPU
		{EE9DA8E1-BB23-4E22-A8A6-0760251EA15E}.Ad-Hoc|iPhoneSimulator.Build.0 = Release|Any CPU
		{EE9DA8E1-BB23-4E22-A8A6-0760251EA15E}.Ad-Hoc|iPhoneSimulator.Deploy.0 = Release|Any CPU
		{EE9DA8E1-BB23-4E22-A8A6-0760251EA15E}.AppStore|Any CPU.ActiveCfg = Release|Any CPU
		{EE9DA8E1-BB23-4E22-A8A6-0760251EA15E}.AppStore|Any CPU.Build.0 = Release|Any CPU
		{EE9DA8E1-BB23-4E22-A8A6-0760251EA15E}.AppStore|Any CPU.Deploy.0 = Release|Any CPU
		{EE9DA8E1-BB23-4E22-A8A6-0760251EA15E}.AppStore|iPhone.ActiveCfg = Release|Any CPU
		{EE9DA8E1-BB23-4E22-A8A6-0760251EA15E}.AppStore|iPhone.Build.0 = Release|Any CPU
		{EE9DA8E1-BB23-4E22-A8A6-0760251EA15E}.AppStore|iPhone.Deploy.0 = Release|Any CPU
		{EE9DA8E1-BB23-4E22-A8A6-0760251EA15E}.AppStore|iPhoneSimulator.ActiveCfg = Release|Any CPU
		{EE9DA8E1-BB23-4E22-A8A6-0760251EA15E}.AppStore|iPhoneSimulator.Build.0 = Release|Any CPU
		{EE9DA8E1-BB23-4E22-A8A6-0760251EA15E}.AppStore|iPhoneSimulator.Deploy.0 = Release|Any CPU
		{EE9DA8E1-BB23-4E22-A8A6-0760251EA15E}.Debug|Any CPU.ActiveCfg = Debug|Any CPU
		{EE9DA8E1-BB23-4E22-A8A6-0760251EA15E}.Debug|Any CPU.Build.0 = Debug|Any CPU
		{EE9DA8E1-BB23-4E22-A8A6-0760251EA15E}.Debug|Any CPU.Deploy.0 = Debug|Any CPU
		{EE9DA8E1-BB23-4E22-A8A6-0760251EA15E}.Debug|iPhone.ActiveCfg = Debug|Any CPU
		{EE9DA8E1-BB23-4E22-A8A6-0760251EA15E}.Debug|iPhone.Build.0 = Debug|Any CPU
		{EE9DA8E1-BB23-4E22-A8A6-0760251EA15E}.Debug|iPhone.Deploy.0 = Debug|Any CPU
		{EE9DA8E1-BB23-4E22-A8A6-0760251EA15E}.Debug|iPhoneSimulator.ActiveCfg = Debug|Any CPU
		{EE9DA8E1-BB23-4E22-A8A6-0760251EA15E}.Debug|iPhoneSimulator.Build.0 = Debug|Any CPU
		{EE9DA8E1-BB23-4E22-A8A6-0760251EA15E}.Debug|iPhoneSimulator.Deploy.0 = Debug|Any CPU
		{EE9DA8E1-BB23-4E22-A8A6-0760251EA15E}.Release|Any CPU.ActiveCfg = Release|Any CPU
		{EE9DA8E1-BB23-4E22-A8A6-0760251EA15E}.Release|Any CPU.Build.0 = Release|Any CPU
		{EE9DA8E1-BB23-4E22-A8A6-0760251EA15E}.Release|Any CPU.Deploy.0 = Release|Any CPU
		{EE9DA8E1-BB23-4E22-A8A6-0760251EA15E}.Release|iPhone.ActiveCfg = Release|Any CPU
		{EE9DA8E1-BB23-4E22-A8A6-0760251EA15E}.Release|iPhone.Build.0 = Release|Any CPU
		{EE9DA8E1-BB23-4E22-A8A6-0760251EA15E}.Release|iPhone.Deploy.0 = Release|Any CPU
		{EE9DA8E1-BB23-4E22-A8A6-0760251EA15E}.Release|iPhoneSimulator.ActiveCfg = Release|Any CPU
		{EE9DA8E1-BB23-4E22-A8A6-0760251EA15E}.Release|iPhoneSimulator.Build.0 = Release|Any CPU
		{EE9DA8E1-BB23-4E22-A8A6-0760251EA15E}.Release|iPhoneSimulator.Deploy.0 = Release|Any CPU
		{BE065D83-2449-4416-9D36-4258C8BB4988}.Ad-Hoc|Any CPU.ActiveCfg = Ad-Hoc|iPhone
		{BE065D83-2449-4416-9D36-4258C8BB4988}.Ad-Hoc|iPhone.ActiveCfg = Ad-Hoc|iPhone
		{BE065D83-2449-4416-9D36-4258C8BB4988}.Ad-Hoc|iPhone.Build.0 = Ad-Hoc|iPhone
		{BE065D83-2449-4416-9D36-4258C8BB4988}.Ad-Hoc|iPhoneSimulator.ActiveCfg = Ad-Hoc|iPhoneSimulator
		{BE065D83-2449-4416-9D36-4258C8BB4988}.Ad-Hoc|iPhoneSimulator.Build.0 = Ad-Hoc|iPhoneSimulator
		{BE065D83-2449-4416-9D36-4258C8BB4988}.AppStore|Any CPU.ActiveCfg = AppStore|iPhone
		{BE065D83-2449-4416-9D36-4258C8BB4988}.AppStore|iPhone.ActiveCfg = AppStore|iPhone
		{BE065D83-2449-4416-9D36-4258C8BB4988}.AppStore|iPhone.Build.0 = AppStore|iPhone
		{BE065D83-2449-4416-9D36-4258C8BB4988}.AppStore|iPhoneSimulator.ActiveCfg = AppStore|iPhoneSimulator
		{BE065D83-2449-4416-9D36-4258C8BB4988}.AppStore|iPhoneSimulator.Build.0 = AppStore|iPhoneSimulator
		{BE065D83-2449-4416-9D36-4258C8BB4988}.Debug|Any CPU.ActiveCfg = Debug|iPhone
		{BE065D83-2449-4416-9D36-4258C8BB4988}.Debug|iPhone.ActiveCfg = Debug|iPhone
		{BE065D83-2449-4416-9D36-4258C8BB4988}.Debug|iPhone.Build.0 = Debug|iPhone
		{BE065D83-2449-4416-9D36-4258C8BB4988}.Debug|iPhoneSimulator.ActiveCfg = Debug|iPhoneSimulator
		{BE065D83-2449-4416-9D36-4258C8BB4988}.Debug|iPhoneSimulator.Build.0 = Debug|iPhoneSimulator
		{BE065D83-2449-4416-9D36-4258C8BB4988}.Release|Any CPU.ActiveCfg = Release|iPhone
		{BE065D83-2449-4416-9D36-4258C8BB4988}.Release|iPhone.ActiveCfg = Release|iPhone
		{BE065D83-2449-4416-9D36-4258C8BB4988}.Release|iPhone.Build.0 = Release|iPhone
		{BE065D83-2449-4416-9D36-4258C8BB4988}.Release|iPhoneSimulator.ActiveCfg = Release|iPhoneSimulator
		{BE065D83-2449-4416-9D36-4258C8BB4988}.Release|iPhoneSimulator.Build.0 = Release|iPhoneSimulator
		{A3C99282-98A4-4524-96D5-31D2C90C592A}.Ad-Hoc|Any CPU.ActiveCfg = Debug|Any CPU
		{A3C99282-98A4-4524-96D5-31D2C90C592A}.Ad-Hoc|Any CPU.Build.0 = Debug|Any CPU
		{A3C99282-98A4-4524-96D5-31D2C90C592A}.Ad-Hoc|iPhone.ActiveCfg = Debug|Any CPU
		{A3C99282-98A4-4524-96D5-31D2C90C592A}.Ad-Hoc|iPhone.Build.0 = Debug|Any CPU
		{A3C99282-98A4-4524-96D5-31D2C90C592A}.Ad-Hoc|iPhoneSimulator.ActiveCfg = Debug|Any CPU
		{A3C99282-98A4-4524-96D5-31D2C90C592A}.Ad-Hoc|iPhoneSimulator.Build.0 = Debug|Any CPU
		{A3C99282-98A4-4524-96D5-31D2C90C592A}.AppStore|Any CPU.ActiveCfg = Debug|Any CPU
		{A3C99282-98A4-4524-96D5-31D2C90C592A}.AppStore|Any CPU.Build.0 = Debug|Any CPU
		{A3C99282-98A4-4524-96D5-31D2C90C592A}.AppStore|iPhone.ActiveCfg = Debug|Any CPU
		{A3C99282-98A4-4524-96D5-31D2C90C592A}.AppStore|iPhone.Build.0 = Debug|Any CPU
		{A3C99282-98A4-4524-96D5-31D2C90C592A}.AppStore|iPhoneSimulator.ActiveCfg = Debug|Any CPU
		{A3C99282-98A4-4524-96D5-31D2C90C592A}.AppStore|iPhoneSimulator.Build.0 = Debug|Any CPU
		{A3C99282-98A4-4524-96D5-31D2C90C592A}.Debug|Any CPU.ActiveCfg = Debug|Any CPU
		{A3C99282-98A4-4524-96D5-31D2C90C592A}.Debug|Any CPU.Build.0 = Debug|Any CPU
		{A3C99282-98A4-4524-96D5-31D2C90C592A}.Debug|iPhone.ActiveCfg = Debug|Any CPU
		{A3C99282-98A4-4524-96D5-31D2C90C592A}.Debug|iPhone.Build.0 = Debug|Any CPU
		{A3C99282-98A4-4524-96D5-31D2C90C592A}.Debug|iPhoneSimulator.ActiveCfg = Debug|Any CPU
		{A3C99282-98A4-4524-96D5-31D2C90C592A}.Debug|iPhoneSimulator.Build.0 = Debug|Any CPU
		{A3C99282-98A4-4524-96D5-31D2C90C592A}.Release|Any CPU.ActiveCfg = Release|Any CPU
		{A3C99282-98A4-4524-96D5-31D2C90C592A}.Release|Any CPU.Build.0 = Release|Any CPU
		{A3C99282-98A4-4524-96D5-31D2C90C592A}.Release|iPhone.ActiveCfg = Release|Any CPU
		{A3C99282-98A4-4524-96D5-31D2C90C592A}.Release|iPhone.Build.0 = Release|Any CPU
		{A3C99282-98A4-4524-96D5-31D2C90C592A}.Release|iPhoneSimulator.ActiveCfg = Release|Any CPU
		{A3C99282-98A4-4524-96D5-31D2C90C592A}.Release|iPhoneSimulator.Build.0 = Release|Any CPU
	EndGlobalSection
	GlobalSection(SolutionProperties) = preSolution
		HideSolutionNode = FALSE
	EndGlobalSection
	GlobalSection(NestedProjects) = preSolution
		{AEC9A734-A0A4-40F0-9F2B-1CC1DEC7E118} = {80ED4AB3-E34D-4FEE-8E7B-26F06A4921E8}
		{98DF91FB-8EA9-42DA-A34E-CA9D67C56032} = {80ED4AB3-E34D-4FEE-8E7B-26F06A4921E8}
		{8572B5D1-8749-47F2-B995-7CFA5CDA81A1} = {A002DF62-5FF3-4B9A-97EE-6BE82EECD911}
		{80A96B52-6758-4BDB-B0B4-CEA4CA155C60} = {98DF91FB-8EA9-42DA-A34E-CA9D67C56032}
		{1A98377C-BFE6-465F-A282-92A33A245FFB} = {98DF91FB-8EA9-42DA-A34E-CA9D67C56032}
		{6F13A4EB-D864-458E-B94C-4E4EEF6E036F} = {98DF91FB-8EA9-42DA-A34E-CA9D67C56032}
		{EE9DA8E1-BB23-4E22-A8A6-0760251EA15E} = {AEC9A734-A0A4-40F0-9F2B-1CC1DEC7E118}
		{BE065D83-2449-4416-9D36-4258C8BB4988} = {AEC9A734-A0A4-40F0-9F2B-1CC1DEC7E118}
		{A3C99282-98A4-4524-96D5-31D2C90C592A} = {AEC9A734-A0A4-40F0-9F2B-1CC1DEC7E118}
	EndGlobalSection
	GlobalSection(ExtensibilityGlobals) = postSolution
		SolutionGuid = {0889A0FE-9DA2-4B33-A1FA-55C9CDB9E576}
	EndGlobalSection
EndGlobal
